
Microsoft Visual Studio Solution File, Format Version 12.00
# Visual Studio 14
VisualStudioVersion = 14.0.25420.1
MinimumVisualStudioVersion = 10.0.40219.1
Project("{2150E333-8FDC-42A3-9474-1A3956D46DE8}") = "src", "src", "{FFA2FB40-D30D-4C6A-ADB2-FE083A3E177F}"
EndProject
Project("{2150E333-8FDC-42A3-9474-1A3956D46DE8}") = "Solution Items", "Solution Items", "{AEB1C29F-4B6A-4BF5-9417-61CCAA9DA9A7}"
	ProjectSection(SolutionItems) = preProject
		global.json = global.json
	EndProjectSection
EndProject
Project("{8BB2217D-0F2D-49D1-97BC-3654ED321F3B}") = "PersonalTrainer", "src\PersonalTrainer\PersonalTrainer.xproj", "{F2010953-5284-4E4B-8EF0-23DDB01121BC}"
EndProject
Project("{8BB2217D-0F2D-49D1-97BC-3654ED321F3B}") = "Framework", "src\Framework\Framework.xproj", "{4D34B1D8-BA6B-4EC4-8A9A-B9DF67478642}"
EndProject
Project("{2150E333-8FDC-42A3-9474-1A3956D46DE8}") = "Modules", "Modules", "{189BC8F0-10BE-422D-87CE-53ED8DDB7146}"
EndProject
Project("{8BB2217D-0F2D-49D1-97BC-3654ED321F3B}") = "PersonalTrainerCore", "src\PersonalTrainer\Modules\PersonalTrainerCore\PersonalTrainerCore.xproj", "{89BC4C42-30B3-417C-BF19-D830CD7D6B3D}"
	ProjectSection(ProjectDependencies) = postProject
		{F2010953-5284-4E4B-8EF0-23DDB01121BC} = {F2010953-5284-4E4B-8EF0-23DDB01121BC}
	EndProjectSection
EndProject
Project("{8BB2217D-0F2D-49D1-97BC-3654ED321F3B}") = "PersonalTrainerCore.WebGUI", "src\PersonalTrainer\Modules\PersonalTrainerCore.WebGUI\PersonalTrainerCore.WebGUI.xproj", "{43FB9A33-0F5C-45A0-96D8-F693239AAA6B}"
	ProjectSection(ProjectDependencies) = postProject
		{F2010953-5284-4E4B-8EF0-23DDB01121BC} = {F2010953-5284-4E4B-8EF0-23DDB01121BC}
		{4D34B1D8-BA6B-4EC4-8A9A-B9DF67478642} = {4D34B1D8-BA6B-4EC4-8A9A-B9DF67478642}
	EndProjectSection
EndProject
Project("{8BB2217D-0F2D-49D1-97BC-3654ED321F3B}") = "PersonalTrainerDiet", "src\PersonalTrainer\Modules\PersonalTrainerDiet\PersonalTrainerDiet.xproj", "{6628E39E-16CD-45CC-921A-17DE5C97D52F}"
	ProjectSection(ProjectDependencies) = postProject
		{F2010953-5284-4E4B-8EF0-23DDB01121BC} = {F2010953-5284-4E4B-8EF0-23DDB01121BC}
	EndProjectSection
EndProject
Project("{8BB2217D-0F2D-49D1-97BC-3654ED321F3B}") = "PersonalTrainerDiet.WebGUI", "src\PersonalTrainer\Modules\PersonalTrainerDiet.WebGUI\PersonalTrainerDiet.WebGUI.xproj", "{5FAC3266-8233-480B-93B1-B512FA8099FC}"
	ProjectSection(ProjectDependencies) = postProject
		{F2010953-5284-4E4B-8EF0-23DDB01121BC} = {F2010953-5284-4E4B-8EF0-23DDB01121BC}
	EndProjectSection
EndProject
Global
	GlobalSection(SolutionConfigurationPlatforms) = preSolution
		Debug|Any CPU = Debug|Any CPU
		Release|Any CPU = Release|Any CPU
	EndGlobalSection
	GlobalSection(ProjectConfigurationPlatforms) = postSolution
		{F2010953-5284-4E4B-8EF0-23DDB01121BC}.Debug|Any CPU.ActiveCfg = Debug|Any CPU
		{F2010953-5284-4E4B-8EF0-23DDB01121BC}.Debug|Any CPU.Build.0 = Debug|Any CPU
		{F2010953-5284-4E4B-8EF0-23DDB01121BC}.Release|Any CPU.ActiveCfg = Release|Any CPU
		{F2010953-5284-4E4B-8EF0-23DDB01121BC}.Release|Any CPU.Build.0 = Release|Any CPU
		{4D34B1D8-BA6B-4EC4-8A9A-B9DF67478642}.Debug|Any CPU.ActiveCfg = Debug|Any CPU
		{4D34B1D8-BA6B-4EC4-8A9A-B9DF67478642}.Debug|Any CPU.Build.0 = Debug|Any CPU
		{4D34B1D8-BA6B-4EC4-8A9A-B9DF67478642}.Release|Any CPU.ActiveCfg = Release|Any CPU
		{4D34B1D8-BA6B-4EC4-8A9A-B9DF67478642}.Release|Any CPU.Build.0 = Release|Any CPU
		{89BC4C42-30B3-417C-BF19-D830CD7D6B3D}.Debug|Any CPU.ActiveCfg = Debug|Any CPU
		{89BC4C42-30B3-417C-BF19-D830CD7D6B3D}.Debug|Any CPU.Build.0 = Debug|Any CPU
		{89BC4C42-30B3-417C-BF19-D830CD7D6B3D}.Release|Any CPU.ActiveCfg = Release|Any CPU
		{89BC4C42-30B3-417C-BF19-D830CD7D6B3D}.Release|Any CPU.Build.0 = Release|Any CPU
		{43FB9A33-0F5C-45A0-96D8-F693239AAA6B}.Debug|Any CPU.ActiveCfg = Debug|Any CPU
		{43FB9A33-0F5C-45A0-96D8-F693239AAA6B}.Debug|Any CPU.Build.0 = Debug|Any CPU
		{43FB9A33-0F5C-45A0-96D8-F693239AAA6B}.Release|Any CPU.ActiveCfg = Release|Any CPU
		{43FB9A33-0F5C-45A0-96D8-F693239AAA6B}.Release|Any CPU.Build.0 = Release|Any CPU
		{6628E39E-16CD-45CC-921A-17DE5C97D52F}.Debug|Any CPU.ActiveCfg = Debug|Any CPU
		{6628E39E-16CD-45CC-921A-17DE5C97D52F}.Debug|Any CPU.Build.0 = Debug|Any CPU
		{6628E39E-16CD-45CC-921A-17DE5C97D52F}.Release|Any CPU.ActiveCfg = Release|Any CPU
		{6628E39E-16CD-45CC-921A-17DE5C97D52F}.Release|Any CPU.Build.0 = Release|Any CPU
		{5FAC3266-8233-480B-93B1-B512FA8099FC}.Debug|Any CPU.ActiveCfg = Debug|Any CPU
		{5FAC3266-8233-480B-93B1-B512FA8099FC}.Debug|Any CPU.Build.0 = Debug|Any CPU
		{5FAC3266-8233-480B-93B1-B512FA8099FC}.Release|Any CPU.ActiveCfg = Release|Any CPU
		{5FAC3266-8233-480B-93B1-B512FA8099FC}.Release|Any CPU.Build.0 = Release|Any CPU
	EndGlobalSection
	GlobalSection(SolutionProperties) = preSolution
		HideSolutionNode = FALSE
	EndGlobalSection
	GlobalSection(NestedProjects) = preSolution
		{F2010953-5284-4E4B-8EF0-23DDB01121BC} = {FFA2FB40-D30D-4C6A-ADB2-FE083A3E177F}
		{4D34B1D8-BA6B-4EC4-8A9A-B9DF67478642} = {FFA2FB40-D30D-4C6A-ADB2-FE083A3E177F}
		{189BC8F0-10BE-422D-87CE-53ED8DDB7146} = {FFA2FB40-D30D-4C6A-ADB2-FE083A3E177F}
		{89BC4C42-30B3-417C-BF19-D830CD7D6B3D} = {189BC8F0-10BE-422D-87CE-53ED8DDB7146}
		{43FB9A33-0F5C-45A0-96D8-F693239AAA6B} = {189BC8F0-10BE-422D-87CE-53ED8DDB7146}
		{6628E39E-16CD-45CC-921A-17DE5C97D52F} = {189BC8F0-10BE-422D-87CE-53ED8DDB7146}
		{5FAC3266-8233-480B-93B1-B512FA8099FC} = {189BC8F0-10BE-422D-87CE-53ED8DDB7146}
	EndGlobalSection
EndGlobal
